
Microsoft Visual Studio Solution File, Format Version 12.00
# Visual Studio Version 17
VisualStudioVersion = 17.1.32210.238
MinimumVisualStudioVersion = 10.0.40219.1
Project("{FAE04EC0-301F-11D3-BF4B-00C04F79EFBC}") = "VoiceVandalDataVolley", "VoiceVandalDataVolley\VoiceVandalDataVolley.csproj", "{797AAF35-A9FC-41A5-BA71-167107E1053C}"
EndProject
Global
	GlobalSection(SolutionConfigurationPlatforms) = preSolution
		Debug|Any CPU = Debug|Any CPU
		Release|Any CPU = Release|Any CPU
	EndGlobalSection
	GlobalSection(ProjectConfigurationPlatforms) = postSolution
		{797AAF35-A9FC-41A5-BA71-167107E1053C}.Debug|Any CPU.ActiveCfg = Debug|Any CPU
		{797AAF35-A9FC-41A5-BA71-167107E1053C}.Debug|Any CPU.Build.0 = Debug|Any CPU
		{797AAF35-A9FC-41A5-BA71-167107E1053C}.Release|Any CPU.ActiveCfg = Release|Any CPU
		{797AAF35-A9FC-41A5-BA71-167107E1053C}.Release|Any CPU.Build.0 = Release|Any CPU
	EndGlobalSection
	GlobalSection(SolutionProperties) = preSolution
		HideSolutionNode = FALSE
	EndGlobalSection
	GlobalSection(ExtensibilityGlobals) = postSolution
		SolutionGuid = {667CEA63-1A91-4FB8-8ABA-87D2FA9860BF}
	EndGlobalSection
EndGlobal
